
Microsoft Visual Studio Solution File, Format Version 12.00
# Visual Studio Version 17
VisualStudioVersion = 17.5.002.0
MinimumVisualStudioVersion = 10.0.40219.1
Project("{2150E333-8FDC-42A3-9474-1A3956D46DE8}") = "csharp-prep", "csharp-prep", "{6A20B1CF-D174-4271-9E96-F49676AE23FC}"
EndProject
Project("{9A19103F-16F7-4668-BE54-9A1E7A4F7556}") = "Prep1", "csharp-prep\Prep1\Prep1.csproj", "{B55EE2FB-9578-4FE1-BBD7-87619957BF7B}"
EndProject
Project("{9A19103F-16F7-4668-BE54-9A1E7A4F7556}") = "Prep2", "csharp-prep\Prep2\Prep2.csproj", "{53FF0360-6B6B-4E21-B3DF-AB1EE06E15DA}"
EndProject
Project("{9A19103F-16F7-4668-BE54-9A1E7A4F7556}") = "Prep3", "csharp-prep\Prep3\Prep3.csproj", "{7F11DFFD-64D1-4F18-ADD0-2C158FFAF123}"
EndProject
Project("{9A19103F-16F7-4668-BE54-9A1E7A4F7556}") = "Prep4", "csharp-prep\Prep4\Prep4.csproj", "{256215FD-E85F-43DE-8132-D0D385969C86}"
EndProject
Project("{9A19103F-16F7-4668-BE54-9A1E7A4F7556}") = "Prep5", "csharp-prep\Prep5\Prep5.csproj", "{79904326-5FE2-42F6-BAF2-9C6D75E7F5EC}"
EndProject
Project("{2150E333-8FDC-42A3-9474-1A3956D46DE8}") = "final", "final", "{085A97A3-23A9-4465-AA96-D294406BF125}"
EndProject
Project("{9A19103F-16F7-4668-BE54-9A1E7A4F7556}") = "FinalProject", "final\FinalProject\FinalProject.csproj", "{C4A952EC-AC40-4E23-8977-F013296CA96A}"
EndProject
Project("{9A19103F-16F7-4668-BE54-9A1E7A4F7556}") = "Foundation1", "final\Foundation1\Foundation1.csproj", "{48F9DD23-2E3C-419F-926A-F73077EA151E}"
EndProject
Project("{9A19103F-16F7-4668-BE54-9A1E7A4F7556}") = "Foundation2", "final\Foundation2\Foundation2.csproj", "{D4AEDC4D-DC9C-47D0-B652-E9F4B148E877}"
EndProject
Project("{9A19103F-16F7-4668-BE54-9A1E7A4F7556}") = "Foundation3", "final\Foundation3\Foundation3.csproj", "{DC4AB693-EDCB-4839-8B21-863477DFC0BD}"
EndProject
Project("{9A19103F-16F7-4668-BE54-9A1E7A4F7556}") = "Foundation4", "final\Foundation4\Foundation4.csproj", "{18A99D82-D1C2-4801-B3FD-ADF6EB9239F5}"
EndProject
Project("{2150E333-8FDC-42A3-9474-1A3956D46DE8}") = "prepare", "prepare", "{79BB23C1-35E7-4126-9B26-7ACEF77D5861}"
EndProject
Project("{9A19103F-16F7-4668-BE54-9A1E7A4F7556}") = "Learning02", "prepare\Learning02\Learning02.csproj", "{16591486-FC8E-402D-9E1C-79DF02C71CF1}"
EndProject
Project("{9A19103F-16F7-4668-BE54-9A1E7A4F7556}") = "Learning03", "prepare\Learning03\Learning03.csproj", "{4D482CCC-4B47-41DB-AD01-7760564E9C95}"
EndProject
Project("{9A19103F-16F7-4668-BE54-9A1E7A4F7556}") = "Learning04", "prepare\Learning04\Learning04.csproj", "{C5D74987-EB6C-4C19-B807-CE0EF54F9E8C}"
EndProject
Project("{9A19103F-16F7-4668-BE54-9A1E7A4F7556}") = "Learning05", "prepare\Learning05\Learning05.csproj", "{A6CB49E2-8E60-4F68-BE1C-1742B31DC8E5}"
EndProject
Project("{2150E333-8FDC-42A3-9474-1A3956D46DE8}") = "prove", "prove", "{ECB73412-2547-44D6-AB25-FF7F23B9F011}"
EndProject
Project("{9A19103F-16F7-4668-BE54-9A1E7A4F7556}") = "Develop02", "prove\Develop02\Develop02.csproj", "{FF80A4BB-119A-4224-BCED-65A08F0AC155}"
EndProject
Project("{9A19103F-16F7-4668-BE54-9A1E7A4F7556}") = "Develop03", "prove\Develop03\Develop03.csproj", "{919DA6BF-C4F8-45C6-9A5F-8C409A91A097}"
EndProject
Project("{9A19103F-16F7-4668-BE54-9A1E7A4F7556}") = "Develop04", "prove\Develop04\Develop04.csproj", "{D83F3227-531A-4EC5-BCE3-007090140CDD}"
EndProject
Project("{9A19103F-16F7-4668-BE54-9A1E7A4F7556}") = "Develop05", "prove\Develop05\Develop05.csproj", "{C812D4A6-4555-439A-97AF-725C31AF2B66}"
EndProject
Project("{2150E333-8FDC-42A3-9474-1A3956D46DE8}") = "sandbox", "sandbox", "{28801A50-44A0-4F5B-8596-B9DA6DA47D23}"
EndProject
Project("{9A19103F-16F7-4668-BE54-9A1E7A4F7556}") = "Sandbox", "sandbox\Sandbox\Sandbox.csproj", "{967C3EFB-54A2-4DA4-9508-167A3B17908B}"
EndProject
Global
	GlobalSection(SolutionConfigurationPlatforms) = preSolution
		Debug|Any CPU = Debug|Any CPU
		Release|Any CPU = Release|Any CPU
	EndGlobalSection
	GlobalSection(ProjectConfigurationPlatforms) = postSolution
		{B55EE2FB-9578-4FE1-BBD7-87619957BF7B}.Debug|Any CPU.ActiveCfg = Debug|Any CPU
		{B55EE2FB-9578-4FE1-BBD7-87619957BF7B}.Debug|Any CPU.Build.0 = Debug|Any CPU
		{B55EE2FB-9578-4FE1-BBD7-87619957BF7B}.Release|Any CPU.ActiveCfg = Release|Any CPU
		{B55EE2FB-9578-4FE1-BBD7-87619957BF7B}.Release|Any CPU.Build.0 = Release|Any CPU
		{53FF0360-6B6B-4E21-B3DF-AB1EE06E15DA}.Debug|Any CPU.ActiveCfg = Debug|Any CPU
		{53FF0360-6B6B-4E21-B3DF-AB1EE06E15DA}.Debug|Any CPU.Build.0 = Debug|Any CPU
		{53FF0360-6B6B-4E21-B3DF-AB1EE06E15DA}.Release|Any CPU.ActiveCfg = Release|Any CPU
		{53FF0360-6B6B-4E21-B3DF-AB1EE06E15DA}.Release|Any CPU.Build.0 = Release|Any CPU
		{7F11DFFD-64D1-4F18-ADD0-2C158FFAF123}.Debug|Any CPU.ActiveCfg = Debug|Any CPU
		{7F11DFFD-64D1-4F18-ADD0-2C158FFAF123}.Debug|Any CPU.Build.0 = Debug|Any CPU
		{7F11DFFD-64D1-4F18-ADD0-2C158FFAF123}.Release|Any CPU.ActiveCfg = Release|Any CPU
		{7F11DFFD-64D1-4F18-ADD0-2C158FFAF123}.Release|Any CPU.Build.0 = Release|Any CPU
		{256215FD-E85F-43DE-8132-D0D385969C86}.Debug|Any CPU.ActiveCfg = Debug|Any CPU
		{256215FD-E85F-43DE-8132-D0D385969C86}.Debug|Any CPU.Build.0 = Debug|Any CPU
		{256215FD-E85F-43DE-8132-D0D385969C86}.Release|Any CPU.ActiveCfg = Release|Any CPU
		{256215FD-E85F-43DE-8132-D0D385969C86}.Release|Any CPU.Build.0 = Release|Any CPU
		{79904326-5FE2-42F6-BAF2-9C6D75E7F5EC}.Debug|Any CPU.ActiveCfg = Debug|Any CPU
		{79904326-5FE2-42F6-BAF2-9C6D75E7F5EC}.Debug|Any CPU.Build.0 = Debug|Any CPU
		{79904326-5FE2-42F6-BAF2-9C6D75E7F5EC}.Release|Any CPU.ActiveCfg = Release|Any CPU
		{79904326-5FE2-42F6-BAF2-9C6D75E7F5EC}.Release|Any CPU.Build.0 = Release|Any CPU
		{C4A952EC-AC40-4E23-8977-F013296CA96A}.Debug|Any CPU.ActiveCfg = Debug|Any CPU
		{C4A952EC-AC40-4E23-8977-F013296CA96A}.Debug|Any CPU.Build.0 = Debug|Any CPU
		{C4A952EC-AC40-4E23-8977-F013296CA96A}.Release|Any CPU.ActiveCfg = Release|Any CPU
		{C4A952EC-AC40-4E23-8977-F013296CA96A}.Release|Any CPU.Build.0 = Release|Any CPU
		{48F9DD23-2E3C-419F-926A-F73077EA151E}.Debug|Any CPU.ActiveCfg = Debug|Any CPU
		{48F9DD23-2E3C-419F-926A-F73077EA151E}.Debug|Any CPU.Build.0 = Debug|Any CPU
		{48F9DD23-2E3C-419F-926A-F73077EA151E}.Release|Any CPU.ActiveCfg = Release|Any CPU
		{48F9DD23-2E3C-419F-926A-F73077EA151E}.Release|Any CPU.Build.0 = Release|Any CPU
		{D4AEDC4D-DC9C-47D0-B652-E9F4B148E877}.Debug|Any CPU.ActiveCfg = Debug|Any CPU
		{D4AEDC4D-DC9C-47D0-B652-E9F4B148E877}.Debug|Any CPU.Build.0 = Debug|Any CPU
		{D4AEDC4D-DC9C-47D0-B652-E9F4B148E877}.Release|Any CPU.ActiveCfg = Release|Any CPU
		{D4AEDC4D-DC9C-47D0-B652-E9F4B148E877}.Release|Any CPU.Build.0 = Release|Any CPU
		{DC4AB693-EDCB-4839-8B21-863477DFC0BD}.Debug|Any CPU.ActiveCfg = Debug|Any CPU
		{DC4AB693-EDCB-4839-8B21-863477DFC0BD}.Debug|Any CPU.Build.0 = Debug|Any CPU
		{DC4AB693-EDCB-4839-8B21-863477DFC0BD}.Release|Any CPU.ActiveCfg = Release|Any CPU
		{DC4AB693-EDCB-4839-8B21-863477DFC0BD}.Release|Any CPU.Build.0 = Release|Any CPU
		{18A99D82-D1C2-4801-B3FD-ADF6EB9239F5}.Debug|Any CPU.ActiveCfg = Debug|Any CPU
		{18A99D82-D1C2-4801-B3FD-ADF6EB9239F5}.Debug|Any CPU.Build.0 = Debug|Any CPU
		{18A99D82-D1C2-4801-B3FD-ADF6EB9239F5}.Release|Any CPU.ActiveCfg = Release|Any CPU
		{18A99D82-D1C2-4801-B3FD-ADF6EB9239F5}.Release|Any CPU.Build.0 = Release|Any CPU
		{16591486-FC8E-402D-9E1C-79DF02C71CF1}.Debug|Any CPU.ActiveCfg = Debug|Any CPU
		{16591486-FC8E-402D-9E1C-79DF02C71CF1}.Debug|Any CPU.Build.0 = Debug|Any CPU
		{16591486-FC8E-402D-9E1C-79DF02C71CF1}.Release|Any CPU.ActiveCfg = Release|Any CPU
		{16591486-FC8E-402D-9E1C-79DF02C71CF1}.Release|Any CPU.Build.0 = Release|Any CPU
		{4D482CCC-4B47-41DB-AD01-7760564E9C95}.Debug|Any CPU.ActiveCfg = Debug|Any CPU
		{4D482CCC-4B47-41DB-AD01-7760564E9C95}.Debug|Any CPU.Build.0 = Debug|Any CPU
		{4D482CCC-4B47-41DB-AD01-7760564E9C95}.Release|Any CPU.ActiveCfg = Release|Any CPU
		{4D482CCC-4B47-41DB-AD01-7760564E9C95}.Release|Any CPU.Build.0 = Release|Any CPU
		{C5D74987-EB6C-4C19-B807-CE0EF54F9E8C}.Debug|Any CPU.ActiveCfg = Debug|Any CPU
		{C5D74987-EB6C-4C19-B807-CE0EF54F9E8C}.Debug|Any CPU.Build.0 = Debug|Any CPU
		{C5D74987-EB6C-4C19-B807-CE0EF54F9E8C}.Release|Any CPU.ActiveCfg = Release|Any CPU
		{C5D74987-EB6C-4C19-B807-CE0EF54F9E8C}.Release|Any CPU.Build.0 = Release|Any CPU
		{A6CB49E2-8E60-4F68-BE1C-1742B31DC8E5}.Debug|Any CPU.ActiveCfg = Debug|Any CPU
		{A6CB49E2-8E60-4F68-BE1C-1742B31DC8E5}.Debug|Any CPU.Build.0 = Debug|Any CPU
		{A6CB49E2-8E60-4F68-BE1C-1742B31DC8E5}.Release|Any CPU.ActiveCfg = Release|Any CPU
		{A6CB49E2-8E60-4F68-BE1C-1742B31DC8E5}.Release|Any CPU.Build.0 = Release|Any CPU
		{FF80A4BB-119A-4224-BCED-65A08F0AC155}.Debug|Any CPU.ActiveCfg = Debug|Any CPU
		{FF80A4BB-119A-4224-BCED-65A08F0AC155}.Debug|Any CPU.Build.0 = Debug|Any CPU
		{FF80A4BB-119A-4224-BCED-65A08F0AC155}.Release|Any CPU.ActiveCfg = Release|Any CPU
		{FF80A4BB-119A-4224-BCED-65A08F0AC155}.Release|Any CPU.Build.0 = Release|Any CPU
		{919DA6BF-C4F8-45C6-9A5F-8C409A91A097}.Debug|Any CPU.ActiveCfg = Debug|Any CPU
		{919DA6BF-C4F8-45C6-9A5F-8C409A91A097}.Debug|Any CPU.Build.0 = Debug|Any CPU
		{919DA6BF-C4F8-45C6-9A5F-8C409A91A097}.Release|Any CPU.ActiveCfg = Release|Any CPU
		{919DA6BF-C4F8-45C6-9A5F-8C409A91A097}.Release|Any CPU.Build.0 = Release|Any CPU
		{D83F3227-531A-4EC5-BCE3-007090140CDD}.Debug|Any CPU.ActiveCfg = Debug|Any CPU
		{D83F3227-531A-4EC5-BCE3-007090140CDD}.Debug|Any CPU.Build.0 = Debug|Any CPU
		{D83F3227-531A-4EC5-BCE3-007090140CDD}.Release|Any CPU.ActiveCfg = Release|Any CPU
		{D83F3227-531A-4EC5-BCE3-007090140CDD}.Release|Any CPU.Build.0 = Release|Any CPU
		{C812D4A6-4555-439A-97AF-725C31AF2B66}.Debug|Any CPU.ActiveCfg = Debug|Any CPU
		{C812D4A6-4555-439A-97AF-725C31AF2B66}.Debug|Any CPU.Build.0 = Debug|Any CPU
		{C812D4A6-4555-439A-97AF-725C31AF2B66}.Release|Any CPU.ActiveCfg = Release|Any CPU
		{C812D4A6-4555-439A-97AF-725C31AF2B66}.Release|Any CPU.Build.0 = Release|Any CPU
		{967C3EFB-54A2-4DA4-9508-167A3B17908B}.Debug|Any CPU.ActiveCfg = Debug|Any CPU
		{967C3EFB-54A2-4DA4-9508-167A3B17908B}.Debug|Any CPU.Build.0 = Debug|Any CPU
		{967C3EFB-54A2-4DA4-9508-167A3B17908B}.Release|Any CPU.ActiveCfg = Release|Any CPU
		{967C3EFB-54A2-4DA4-9508-167A3B17908B}.Release|Any CPU.Build.0 = Release|Any CPU
	EndGlobalSection
	GlobalSection(SolutionProperties) = preSolution
		HideSolutionNode = FALSE
	EndGlobalSection
	GlobalSection(NestedProjects) = preSolution
		{B55EE2FB-9578-4FE1-BBD7-87619957BF7B} = {6A20B1CF-D174-4271-9E96-F49676AE23FC}
		{53FF0360-6B6B-4E21-B3DF-AB1EE06E15DA} = {6A20B1CF-D174-4271-9E96-F49676AE23FC}
		{7F11DFFD-64D1-4F18-ADD0-2C158FFAF123} = {6A20B1CF-D174-4271-9E96-F49676AE23FC}
		{256215FD-E85F-43DE-8132-D0D385969C86} = {6A20B1CF-D174-4271-9E96-F49676AE23FC}
		{79904326-5FE2-42F6-BAF2-9C6D75E7F5EC} = {6A20B1CF-D174-4271-9E96-F49676AE23FC}
		{C4A952EC-AC40-4E23-8977-F013296CA96A} = {085A97A3-23A9-4465-AA96-D294406BF125}
		{48F9DD23-2E3C-419F-926A-F73077EA151E} = {085A97A3-23A9-4465-AA96-D294406BF125}
		{D4AEDC4D-DC9C-47D0-B652-E9F4B148E877} = {085A97A3-23A9-4465-AA96-D294406BF125}
		{DC4AB693-EDCB-4839-8B21-863477DFC0BD} = {085A97A3-23A9-4465-AA96-D294406BF125}
		{18A99D82-D1C2-4801-B3FD-ADF6EB9239F5} = {085A97A3-23A9-4465-AA96-D294406BF125}
		{16591486-FC8E-402D-9E1C-79DF02C71CF1} = {79BB23C1-35E7-4126-9B26-7ACEF77D5861}
		{4D482CCC-4B47-41DB-AD01-7760564E9C95} = {79BB23C1-35E7-4126-9B26-7ACEF77D5861}
		{C5D74987-EB6C-4C19-B807-CE0EF54F9E8C} = {79BB23C1-35E7-4126-9B26-7ACEF77D5861}
		{A6CB49E2-8E60-4F68-BE1C-1742B31DC8E5} = {79BB23C1-35E7-4126-9B26-7ACEF77D5861}
		{FF80A4BB-119A-4224-BCED-65A08F0AC155} = {ECB73412-2547-44D6-AB25-FF7F23B9F011}
		{919DA6BF-C4F8-45C6-9A5F-8C409A91A097} = {ECB73412-2547-44D6-AB25-FF7F23B9F011}
		{D83F3227-531A-4EC5-BCE3-007090140CDD} = {ECB73412-2547-44D6-AB25-FF7F23B9F011}
		{C812D4A6-4555-439A-97AF-725C31AF2B66} = {ECB73412-2547-44D6-AB25-FF7F23B9F011}
		{967C3EFB-54A2-4DA4-9508-167A3B17908B} = {28801A50-44A0-4F5B-8596-B9DA6DA47D23}
	EndGlobalSection
	GlobalSection(ExtensibilityGlobals) = postSolution
		SolutionGuid = {C3D5F0D7-A61A-444B-9C19-477DF2E187E6}
	EndGlobalSection
EndGlobal
